
Microsoft Visual Studio Solution File, Format Version 12.00
# Visual Studio Version 17
VisualStudioVersion = 17.0.31903.59
MinimumVisualStudioVersion = 10.0.40219.1
Project("{FAE04EC0-301F-11D3-BF4B-00C04F79EFBC}") = "LMS.Web", "LMS.Web\LMS.Web.csproj", "{01444678-4CA6-40F6-A32F-95D734323997}"
EndProject
Project("{FAE04EC0-301F-11D3-BF4B-00C04F79EFBC}") = "LMS.Core", "LMS.Core\LMS.Core.csproj", "{063E0663-29AC-4160-9AAA-A009C420C6F5}"
EndProject
Project("{FAE04EC0-301F-11D3-BF4B-00C04F79EFBC}") = "LMS.Infrastructure", "LMS.Infrastructure\LMS.Infrastructure.csproj", "{F044E26E-9BD4-428A-9840-C72F6CE4D60B}"
EndProject
Project("{FAE04EC0-301F-11D3-BF4B-00C04F79EFBC}") = "LMS.Application", "LMS.Application\LMS.Application.csproj", "{90A90DDF-6333-4304-B435-394194666533}"
EndProject
Project("{FAE04EC0-301F-11D3-BF4B-00C04F79EFBC}") = "LMS.Tests", "LMS.Tests\LMS.Tests.csproj", "{1C10BCB1-4F92-4D26-AFDD-20EE1B4B2665}"
EndProject
Global
	GlobalSection(SolutionConfigurationPlatforms) = preSolution
		Debug|Any CPU = Debug|Any CPU
		Debug|x64 = Debug|x64
		Debug|x86 = Debug|x86
		Release|Any CPU = Release|Any CPU
		Release|x64 = Release|x64
		Release|x86 = Release|x86
	EndGlobalSection
	GlobalSection(ProjectConfigurationPlatforms) = postSolution
		{01444678-4CA6-40F6-A32F-95D734323997}.Debug|Any CPU.ActiveCfg = Debug|Any CPU
		{01444678-4CA6-40F6-A32F-95D734323997}.Debug|Any CPU.Build.0 = Debug|Any CPU
		{01444678-4CA6-40F6-A32F-95D734323997}.Debug|x64.ActiveCfg = Debug|Any CPU
		{01444678-4CA6-40F6-A32F-95D734323997}.Debug|x64.Build.0 = Debug|Any CPU
		{01444678-4CA6-40F6-A32F-95D734323997}.Debug|x86.ActiveCfg = Debug|Any CPU
		{01444678-4CA6-40F6-A32F-95D734323997}.Debug|x86.Build.0 = Debug|Any CPU
		{01444678-4CA6-40F6-A32F-95D734323997}.Release|Any CPU.ActiveCfg = Release|Any CPU
		{01444678-4CA6-40F6-A32F-95D734323997}.Release|Any CPU.Build.0 = Release|Any CPU
		{01444678-4CA6-40F6-A32F-95D734323997}.Release|x64.ActiveCfg = Release|Any CPU
		{01444678-4CA6-40F6-A32F-95D734323997}.Release|x64.Build.0 = Release|Any CPU
		{01444678-4CA6-40F6-A32F-95D734323997}.Release|x86.ActiveCfg = Release|Any CPU
		{01444678-4CA6-40F6-A32F-95D734323997}.Release|x86.Build.0 = Release|Any CPU
		{063E0663-29AC-4160-9AAA-A009C420C6F5}.Debug|Any CPU.ActiveCfg = Debug|Any CPU
		{063E0663-29AC-4160-9AAA-A009C420C6F5}.Debug|Any CPU.Build.0 = Debug|Any CPU
		{063E0663-29AC-4160-9AAA-A009C420C6F5}.Debug|x64.ActiveCfg = Debug|Any CPU
		{063E0663-29AC-4160-9AAA-A009C420C6F5}.Debug|x64.Build.0 = Debug|Any CPU
		{063E0663-29AC-4160-9AAA-A009C420C6F5}.Debug|x86.ActiveCfg = Debug|Any CPU
		{063E0663-29AC-4160-9AAA-A009C420C6F5}.Debug|x86.Build.0 = Debug|Any CPU
		{063E0663-29AC-4160-9AAA-A009C420C6F5}.Release|Any CPU.ActiveCfg = Release|Any CPU
		{063E0663-29AC-4160-9AAA-A009C420C6F5}.Release|Any CPU.Build.0 = Release|Any CPU
		{063E0663-29AC-4160-9AAA-A009C420C6F5}.Release|x64.ActiveCfg = Release|Any CPU
		{063E0663-29AC-4160-9AAA-A009C420C6F5}.Release|x64.Build.0 = Release|Any CPU
		{063E0663-29AC-4160-9AAA-A009C420C6F5}.Release|x86.ActiveCfg = Release|Any CPU
		{063E0663-29AC-4160-9AAA-A009C420C6F5}.Release|x86.Build.0 = Release|Any CPU
		{F044E26E-9BD4-428A-9840-C72F6CE4D60B}.Debug|Any CPU.ActiveCfg = Debug|Any CPU
		{F044E26E-9BD4-428A-9840-C72F6CE4D60B}.Debug|Any CPU.Build.0 = Debug|Any CPU
		{F044E26E-9BD4-428A-9840-C72F6CE4D60B}.Debug|x64.ActiveCfg = Debug|Any CPU
		{F044E26E-9BD4-428A-9840-C72F6CE4D60B}.Debug|x64.Build.0 = Debug|Any CPU
		{F044E26E-9BD4-428A-9840-C72F6CE4D60B}.Debug|x86.ActiveCfg = Debug|Any CPU
		{F044E26E-9BD4-428A-9840-C72F6CE4D60B}.Debug|x86.Build.0 = Debug|Any CPU
		{F044E26E-9BD4-428A-9840-C72F6CE4D60B}.Release|Any CPU.ActiveCfg = Release|Any CPU
		{F044E26E-9BD4-428A-9840-C72F6CE4D60B}.Release|Any CPU.Build.0 = Release|Any CPU
		{F044E26E-9BD4-428A-9840-C72F6CE4D60B}.Release|x64.ActiveCfg = Release|Any CPU
		{F044E26E-9BD4-428A-9840-C72F6CE4D60B}.Release|x64.Build.0 = Release|Any CPU
		{F044E26E-9BD4-428A-9840-C72F6CE4D60B}.Release|x86.ActiveCfg = Release|Any CPU
		{F044E26E-9BD4-428A-9840-C72F6CE4D60B}.Release|x86.Build.0 = Release|Any CPU
		{90A90DDF-6333-4304-B435-394194666533}.Debug|Any CPU.ActiveCfg = Debug|Any CPU
		{90A90DDF-6333-4304-B435-394194666533}.Debug|Any CPU.Build.0 = Debug|Any CPU
		{90A90DDF-6333-4304-B435-394194666533}.Debug|x64.ActiveCfg = Debug|Any CPU
		{90A90DDF-6333-4304-B435-394194666533}.Debug|x64.Build.0 = Debug|Any CPU
		{90A90DDF-6333-4304-B435-394194666533}.Debug|x86.ActiveCfg = Debug|Any CPU
		{90A90DDF-6333-4304-B435-394194666533}.Debug|x86.Build.0 = Debug|Any CPU
		{90A90DDF-6333-4304-B435-394194666533}.Release|Any CPU.ActiveCfg = Release|Any CPU
		{90A90DDF-6333-4304-B435-394194666533}.Release|Any CPU.Build.0 = Release|Any CPU
		{90A90DDF-6333-4304-B435-394194666533}.Release|x64.ActiveCfg = Release|Any CPU
		{90A90DDF-6333-4304-B435-394194666533}.Release|x64.Build.0 = Release|Any CPU
		{90A90DDF-6333-4304-B435-394194666533}.Release|x86.ActiveCfg = Release|Any CPU
		{90A90DDF-6333-4304-B435-394194666533}.Release|x86.Build.0 = Release|Any CPU
		{1C10BCB1-4F92-4D26-AFDD-20EE1B4B2665}.Debug|Any CPU.ActiveCfg = Debug|Any CPU
		{1C10BCB1-4F92-4D26-AFDD-20EE1B4B2665}.Debug|Any CPU.Build.0 = Debug|Any CPU
		{1C10BCB1-4F92-4D26-AFDD-20EE1B4B2665}.Debug|x64.ActiveCfg = Debug|Any CPU
		{1C10BCB1-4F92-4D26-AFDD-20EE1B4B2665}.Debug|x64.Build.0 = Debug|Any CPU
		{1C10BCB1-4F92-4D26-AFDD-20EE1B4B2665}.Debug|x86.ActiveCfg = Debug|Any CPU
		{1C10BCB1-4F92-4D26-AFDD-20EE1B4B2665}.Debug|x86.Build.0 = Debug|Any CPU
		{1C10BCB1-4F92-4D26-AFDD-20EE1B4B2665}.Release|Any CPU.ActiveCfg = Release|Any CPU
		{1C10BCB1-4F92-4D26-AFDD-20EE1B4B2665}.Release|Any CPU.Build.0 = Release|Any CPU
		{1C10BCB1-4F92-4D26-AFDD-20EE1B4B2665}.Release|x64.ActiveCfg = Release|Any CPU
		{1C10BCB1-4F92-4D26-AFDD-20EE1B4B2665}.Release|x64.Build.0 = Release|Any CPU
		{1C10BCB1-4F92-4D26-AFDD-20EE1B4B2665}.Release|x86.ActiveCfg = Release|Any CPU
		{1C10BCB1-4F92-4D26-AFDD-20EE1B4B2665}.Release|x86.Build.0 = Release|Any CPU
	EndGlobalSection
	GlobalSection(SolutionProperties) = preSolution
		HideSolutionNode = FALSE
	EndGlobalSection
EndGlobal
